
Microsoft Visual Studio Solution File, Format Version 12.00
# Visual Studio Version 17
VisualStudioVersion = 17.11.35312.102
MinimumVisualStudioVersion = 10.0.40219.1
Project("{9A19103F-16F7-4668-BE54-9A1E7A4F7556}") = "AdoStateChangeHttpFunction", "AdoStateChangeHttpFunction\AdoStateChangeHttpFunction.csproj", "{6224C484-3E23-4F06-A749-195C1E478110}"
EndProject
Project("{9A19103F-16F7-4668-BE54-9A1E7A4F7556}") = "AdoStateProcessor", "AdoStateProcessor\AdoStateProcessor.csproj", "{6224C484-3E23-4F06-A749-195C1E478111}"
EndProject
Global
	GlobalSection(SolutionConfigurationPlatforms) = preSolution
		Debug|Any CPU = Debug|Any CPU
		Release|Any CPU = Release|Any CPU
	EndGlobalSection
	GlobalSection(ProjectConfigurationPlatforms) = postSolution
		{6224C484-3E23-4F06-A749-195C1E478110}.Debug|Any CPU.ActiveCfg = Debug|Any CPU
		{6224C484-3E23-4F06-A749-195C1E478110}.Debug|Any CPU.Build.0 = Debug|Any CPU
		{6224C484-3E23-4F06-A749-195C1E478110}.Release|Any CPU.ActiveCfg = Release|Any CPU
		{6224C484-3E23-4F06-A749-195C1E478110}.Release|Any CPU.Build.0 = Release|Any CPU
		{6224C484-3E23-4F06-A749-195C1E478111}.Debug|Any CPU.ActiveCfg = Debug|Any CPU
		{6224C484-3E23-4F06-A749-195C1E478111}.Debug|Any CPU.Build.0 = Debug|Any CPU
		{6224C484-3E23-4F06-A749-195C1E478111}.Release|Any CPU.ActiveCfg = Release|Any CPU
		{6224C484-3E23-4F06-A749-195C1E478111}.Release|Any CPU.Build.0 = Release|Any CPU
	EndGlobalSection
	GlobalSection(SolutionProperties) = preSolution
		HideSolutionNode = FALSE
	EndGlobalSection
	GlobalSection(ExtensibilityGlobals) = postSolution
		SolutionGuid = {D0901EA7-AB75-47AF-B55B-9ED4FE71F2E0}
	EndGlobalSection
EndGlobal
